
Microsoft Visual Studio Solution File, Format Version 12.00
# Visual Studio Version 17
VisualStudioVersion = 17.3.32929.385
MinimumVisualStudioVersion = 10.0.40219.1
Project("{FAE04EC0-301F-11D3-BF4B-00C04F79EFBC}") = "Group2Console3", "Group2Console3\Group2Console3.csproj", "{4E2C6EC7-3E32-4443-A8D4-928911DB4368}"
EndProject
Global
	GlobalSection(SolutionConfigurationPlatforms) = preSolution
		Debug|Any CPU = Debug|Any CPU
		Release|Any CPU = Release|Any CPU
	EndGlobalSection
	GlobalSection(ProjectConfigurationPlatforms) = postSolution
		{4E2C6EC7-3E32-4443-A8D4-928911DB4368}.Debug|Any CPU.ActiveCfg = Debug|Any CPU
		{4E2C6EC7-3E32-4443-A8D4-928911DB4368}.Debug|Any CPU.Build.0 = Debug|Any CPU
		{4E2C6EC7-3E32-4443-A8D4-928911DB4368}.Release|Any CPU.ActiveCfg = Release|Any CPU
		{4E2C6EC7-3E32-4443-A8D4-928911DB4368}.Release|Any CPU.Build.0 = Release|Any CPU
	EndGlobalSection
	GlobalSection(SolutionProperties) = preSolution
		HideSolutionNode = FALSE
	EndGlobalSection
	GlobalSection(ExtensibilityGlobals) = postSolution
		SolutionGuid = {600256C5-BB16-43C4-A710-A8F7E05CD8C0}
	EndGlobalSection
EndGlobal
